
Microsoft Visual Studio Solution File, Format Version 9.00
# Visual Web Developer Express 2005
Project("{E24C65DC-7377-472B-9ABA-BC803B73C61A}") = "C:\...\eticketing\", "..\..\..\..\..\..\repo\src\eticketing\", "{99B259A6-0DF4-4269-B179-C6D267ED2D57}"
	ProjectSection(WebsiteProperties) = preProject
		Debug.AspNetCompiler.VirtualPath = "/eticketing"
		Debug.AspNetCompiler.PhysicalPath = "..\..\..\..\..\..\repo\src\eticketing\"
		Debug.AspNetCompiler.TargetPath = "PrecompiledWeb\eticketing\"
		Debug.AspNetCompiler.Updateable = "true"
		Debug.AspNetCompiler.ForceOverwrite = "true"
		Debug.AspNetCompiler.FixedNames = "false"
		Debug.AspNetCompiler.Debug = "True"
		Release.AspNetCompiler.VirtualPath = "/eticketing"
		Release.AspNetCompiler.PhysicalPath = "..\..\..\..\..\..\repo\src\eticketing\"
		Release.AspNetCompiler.TargetPath = "PrecompiledWeb\eticketing\"
		Release.AspNetCompiler.Updateable = "true"
		Release.AspNetCompiler.ForceOverwrite = "true"
		Release.AspNetCompiler.FixedNames = "false"
		Release.AspNetCompiler.Debug = "False"
		VWDPort = "2447"
		DefaultWebSiteLanguage = "Visual Basic"
	EndProjectSection
EndProject
Global
	GlobalSection(SolutionConfigurationPlatforms) = preSolution
		Debug|.NET = Debug|.NET
	EndGlobalSection
	GlobalSection(ProjectConfigurationPlatforms) = postSolution
		{99B259A6-0DF4-4269-B179-C6D267ED2D57}.Debug|.NET.ActiveCfg = Debug|.NET
		{99B259A6-0DF4-4269-B179-C6D267ED2D57}.Debug|.NET.Build.0 = Debug|.NET
	EndGlobalSection
	GlobalSection(SolutionProperties) = preSolution
		HideSolutionNode = FALSE
	EndGlobalSection
EndGlobal
